
Microsoft Visual Studio Solution File, Format Version 12.00
# Visual Studio Version 17
VisualStudioVersion = 17.13.35919.96 d17.13
MinimumVisualStudioVersion = 10.0.40219.1
Project("{FAE04EC0-301F-11D3-BF4B-00C04F79EFBC}") = "Task1", "Task1.csproj", "{BBCD48CA-34FB-4BC5-9C10-7372C255B25B}"
EndProject
Global
	GlobalSection(SolutionConfigurationPlatforms) = preSolution
		Debug|Any CPU = Debug|Any CPU
		Release|Any CPU = Release|Any CPU
	EndGlobalSection
	GlobalSection(ProjectConfigurationPlatforms) = postSolution
		{BBCD48CA-34FB-4BC5-9C10-7372C255B25B}.Debug|Any CPU.ActiveCfg = Debug|Any CPU
		{BBCD48CA-34FB-4BC5-9C10-7372C255B25B}.Debug|Any CPU.Build.0 = Debug|Any CPU
		{BBCD48CA-34FB-4BC5-9C10-7372C255B25B}.Release|Any CPU.ActiveCfg = Release|Any CPU
		{BBCD48CA-34FB-4BC5-9C10-7372C255B25B}.Release|Any CPU.Build.0 = Release|Any CPU
	EndGlobalSection
	GlobalSection(SolutionProperties) = preSolution
		HideSolutionNode = FALSE
	EndGlobalSection
	GlobalSection(ExtensibilityGlobals) = postSolution
		SolutionGuid = {AA583E86-BEA0-4EE6-9EF6-EAFC4F6AB5CF}
	EndGlobalSection
EndGlobal
