
Microsoft Visual Studio Solution File, Format Version 12.00
# Visual Studio Version 17
VisualStudioVersion = 17.7.34031.279
MinimumVisualStudioVersion = 10.0.40219.1
Project("{9A19103F-16F7-4668-BE54-9A1E7A4F7556}") = "GyorsHir", "GyorsHir\GyorsHir.csproj", "{D629DD02-F222-428E-B76E-3183CE5861A9}"
EndProject
Project("{FAE04EC0-301F-11D3-BF4B-00C04F79EFBC}") = "GyorsHir.Model", "GyorsHir.Model\GyorsHir.Model.csproj", "{6B51B6F8-887B-42FA-8B53-9AC479BBDAC2}"
EndProject
Global
	GlobalSection(SolutionConfigurationPlatforms) = preSolution
		Debug|Any CPU = Debug|Any CPU
		Release|Any CPU = Release|Any CPU
	EndGlobalSection
	GlobalSection(ProjectConfigurationPlatforms) = postSolution
		{D629DD02-F222-428E-B76E-3183CE5861A9}.Debug|Any CPU.ActiveCfg = Debug|Any CPU
		{D629DD02-F222-428E-B76E-3183CE5861A9}.Debug|Any CPU.Build.0 = Debug|Any CPU
		{D629DD02-F222-428E-B76E-3183CE5861A9}.Debug|Any CPU.Deploy.0 = Debug|Any CPU
		{D629DD02-F222-428E-B76E-3183CE5861A9}.Release|Any CPU.ActiveCfg = Release|Any CPU
		{D629DD02-F222-428E-B76E-3183CE5861A9}.Release|Any CPU.Build.0 = Release|Any CPU
		{D629DD02-F222-428E-B76E-3183CE5861A9}.Release|Any CPU.Deploy.0 = Release|Any CPU
		{6B51B6F8-887B-42FA-8B53-9AC479BBDAC2}.Debug|Any CPU.ActiveCfg = Debug|Any CPU
		{6B51B6F8-887B-42FA-8B53-9AC479BBDAC2}.Debug|Any CPU.Build.0 = Debug|Any CPU
		{6B51B6F8-887B-42FA-8B53-9AC479BBDAC2}.Release|Any CPU.ActiveCfg = Release|Any CPU
		{6B51B6F8-887B-42FA-8B53-9AC479BBDAC2}.Release|Any CPU.Build.0 = Release|Any CPU
	EndGlobalSection
	GlobalSection(SolutionProperties) = preSolution
		HideSolutionNode = FALSE
	EndGlobalSection
	GlobalSection(ExtensibilityGlobals) = postSolution
		SolutionGuid = {BB4D9D21-B2BC-4B75-B365-D0742ADEA9AC}
	EndGlobalSection
EndGlobal
